// !$*UTF8*$!
{
	archiveVersion = 1;
	classes = {
	};
	objectVersion = 46;
	objects = {

/* Begin PBXBuildFile section */
		35E4503327831E601B0063C5 /* Pods_myCurrentLocationOnGoogleMapUITests.framework in Frameworks */ = {isa = PBXBuildFile; fileRef = 48B0D7EF7802C5DB0DA92512 /* Pods_myCurrentLocationOnGoogleMapUITests.framework */; };
		5100814EBB959640E2C90839 /* Pods_myCurrentLocationOnGoogleMapTests.framework in Frameworks */ = {isa = PBXBuildFile; fileRef = 7FE6C967E232F5B33F31FFC8 /* Pods_myCurrentLocationOnGoogleMapTests.framework */; };
		84C59F251E66540C0063031E /* AppDelegate.swift in Sources */ = {isa = PBXBuildFile; fileRef = 84C59F241E66540C0063031E /* AppDelegate.swift */; };
		84C59F271E66540C0063031E /* ViewController.swift in Sources */ = {isa = PBXBuildFile; fileRef = 84C59F261E66540C0063031E /* ViewController.swift */; };
		84C59F2A1E66540C0063031E /* Main.storyboard in Resources */ = {isa = PBXBuildFile; fileRef = 84C59F281E66540C0063031E /* Main.storyboard */; };
		84C59F2D1E66540C0063031E /* myCurrentLocationOnGoogleMap.xcdatamodeld in Sources */ = {isa = PBXBuildFile; fileRef = 84C59F2B1E66540C0063031E /* myCurrentLocationOnGoogleMap.xcdatamodeld */; };
		84C59F2F1E66540C0063031E /* Assets.xcassets in Resources */ = {isa = PBXBuildFile; fileRef = 84C59F2E1E66540C0063031E /* Assets.xcassets */; };
		84C59F321E66540C0063031E /* LaunchScreen.storyboard in Resources */ = {isa = PBXBuildFile; fileRef = 84C59F301E66540C0063031E /* LaunchScreen.storyboard */; };
		84C59F3D1E66540C0063031E /* myCurrentLocationOnGoogleMapTests.swift in Sources */ = {isa = PBXBuildFile; fileRef = 84C59F3C1E66540C0063031E /* myCurrentLocationOnGoogleMapTests.swift */; };
		84C59F481E66540C0063031E /* myCurrentLocationOnGoogleMapUITests.swift in Sources */ = {isa = PBXBuildFile; fileRef = 84C59F471E66540C0063031E /* myCurrentLocationOnGoogleMapUITests.swift */; };
		E00437D2B10A4BC7B2F2BDAA /* Pods_myCurrentLocationOnGoogleMap.framework in Frameworks */ = {isa = PBXBuildFile; fileRef = F673E5C7FABCB7E956ABFBA1 /* Pods_myCurrentLocationOnGoogleMap.framework */; };
/* End PBXBuildFile section */

/* Begin PBXContainerItemProxy section */
		84C59F391E66540C0063031E /* PBXContainerItemProxy */ = {
			isa = PBXContainerItemProxy;
			containerPortal = 84C59F191E66540C0063031E /* Project object */;
			proxyType = 1;
			remoteGlobalIDString = 84C59F201E66540C0063031E;
			remoteInfo = myCurrentLocationOnGoogleMap;
		};
		84C59F441E66540C0063031E /* PBXContainerItemProxy */ = {
			isa = PBXContainerItemProxy;
			containerPortal = 84C59F191E66540C0063031E /* Project object */;
			proxyType = 1;
			remoteGlobalIDString = 84C59F201E66540C0063031E;
			remoteInfo = myCurrentLocationOnGoogleMap;
		};
/* End PBXContainerItemProxy section */

/* Begin PBXFileReference section */
		195CCC1E4EB4242F37096E41 /* Pods-myCurrentLocationOnGoogleMap.release.xcconfig */ = {isa = PBXFileReference; includeInIndex = 1; lastKnownFileType = text.xcconfig; name = "Pods-myCurrentLocationOnGoogleMap.release.xcconfig"; path = "Pods/Target Support Files/Pods-myCurrentLocationOnGoogleMap/Pods-myCurrentLocationOnGoogleMap.release.xcconfig"; sourceTree = "<group>"; };
		388E976163B1CDF329E52280 /* Pods-myCurrentLocationOnGoogleMap.debug.xcconfig */ = {isa = PBXFileReference; includeInIndex = 1; lastKnownFileType = text.xcconfig; name = "Pods-myCurrentLocationOnGoogleMap.debug.xcconfig"; path = "Pods/Target Support Files/Pods-myCurrentLocationOnGoogleMap/Pods-myCurrentLocationOnGoogleMap.debug.xcconfig"; sourceTree = "<group>"; };
		48B0D7EF7802C5DB0DA92512 /* Pods_myCurrentLocationOnGoogleMapUITests.framework */ = {isa = PBXFileReference; explicitFileType = wrapper.framework; includeInIndex = 0; path = Pods_myCurrentLocationOnGoogleMapUITests.framework; sourceTree = BUILT_PRODUCTS_DIR; };
		634CFEC09D22C8009770A0D5 /* Pods-myCurrentLocationOnGoogleMapTests.release.xcconfig */ = {isa = PBXFileReference; includeInIndex = 1; lastKnownFileType = text.xcconfig; name = "Pods-myCurrentLocationOnGoogleMapTests.release.xcconfig"; path = "Pods/Target Support Files/Pods-myCurrentLocationOnGoogleMapTests/Pods-myCurrentLocationOnGoogleMapTests.release.xcconfig"; sourceTree = "<group>"; };
		7FE6C967E232F5B33F31FFC8 /* Pods_myCurrentLocationOnGoogleMapTests.framework */ = {isa = PBXFileReference; explicitFileType = wrapper.framework; includeInIndex = 0; path = Pods_myCurrentLocationOnGoogleMapTests.framework; sourceTree = BUILT_PRODUCTS_DIR; };
		84C59F211E66540C0063031E /* myCurrentLocationOnGoogleMap.app */ = {isa = PBXFileReference; explicitFileType = wrapper.application; includeInIndex = 0; path = myCurrentLocationOnGoogleMap.app; sourceTree = BUILT_PRODUCTS_DIR; };
		84C59F241E66540C0063031E /* AppDelegate.swift */ = {isa = PBXFileReference; lastKnownFileType = sourcecode.swift; path = AppDelegate.swift; sourceTree = "<group>"; };
		84C59F261E66540C0063031E /* ViewController.swift */ = {isa = PBXFileReference; lastKnownFileType = sourcecode.swift; path = ViewController.swift; sourceTree = "<group>"; };
		84C59F291E66540C0063031E /* Base */ = {isa = PBXFileReference; lastKnownFileType = file.storyboard; name = Base; path = Base.lproj/Main.storyboard; sourceTree = "<group>"; };
		84C59F2C1E66540C0063031E /* myCurrentLocationOnGoogleMap.xcdatamodel */ = {isa = PBXFileReference; lastKnownFileType = wrapper.xcdatamodel; path = myCurrentLocationOnGoogleMap.xcdatamodel; sourceTree = "<group>"; };
		84C59F2E1E66540C0063031E /* Assets.xcassets */ = {isa = PBXFileReference; lastKnownFileType = folder.assetcatalog; path = Assets.xcassets; sourceTree = "<group>"; };
		84C59F311E66540C0063031E /* Base */ = {isa = PBXFileReference; lastKnownFileType = file.storyboard; name = Base; path = Base.lproj/LaunchScreen.storyboard; sourceTree = "<group>"; };
		84C59F331E66540C0063031E /* Info.plist */ = {isa = PBXFileReference; lastKnownFileType = text.plist.xml; path = Info.plist; sourceTree = "<group>"; };
		84C59F381E66540C0063031E /* myCurrentLocationOnGoogleMapTests.xctest */ = {isa = PBXFileReference; explicitFileType = wrapper.cfbundle; includeInIndex = 0; path = myCurrentLocationOnGoogleMapTests.xctest; sourceTree = BUILT_PRODUCTS_DIR; };
		84C59F3C1E66540C0063031E /* myCurrentLocationOnGoogleMapTests.swift */ = {isa = PBXFileReference; lastKnownFileType = sourcecode.swift; path = myCurrentLocationOnGoogleMapTests.swift; sourceTree = "<group>"; };
		84C59F3E1E66540C0063031E /* Info.plist */ = {isa = PBXFileReference; lastKnownFileType = text.plist.xml; path = Info.plist; sourceTree = "<group>"; };
		84C59F431E66540C0063031E /* myCurrentLocationOnGoogleMapUITests.xctest */ = {isa = PBXFileReference; explicitFileType = wrapper.cfbundle; includeInIndex = 0; path = myCurrentLocationOnGoogleMapUITests.xctest; sourceTree = BUILT_PRODUCTS_DIR; };
		84C59F471E66540C0063031E /* myCurrentLocationOnGoogleMapUITests.swift */ = {isa = PBXFileReference; lastKnownFileType = sourcecode.swift; path = myCurrentLocationOnGoogleMapUITests.swift; sourceTree = "<group>"; };
		84C59F491E66540D0063031E /* Info.plist */ = {isa = PBXFileReference; lastKnownFileType = text.plist.xml; path = Info.plist; sourceTree = "<group>"; };
		A9D16D3FE1A328870513B83F /* Pods-myCurrentLocationOnGoogleMapUITests.release.xcconfig */ = {isa = PBXFileReference; includeInIndex = 1; lastKnownFileType = text.xcconfig; name = "Pods-myCurrentLocationOnGoogleMapUITests.release.xcconfig"; path = "Pods/Target Support Files/Pods-myCurrentLocationOnGoogleMapUITests/Pods-myCurrentLocationOnGoogleMapUITests.release.xcconfig"; sourceTree = "<group>"; };
		D645D29CB077454A956D5BCA /* Pods-myCurrentLocationOnGoogleMapTests.debug.xcconfig */ = {isa = PBXFileReference; includeInIndex = 1; lastKnownFileType = text.xcconfig; name = "Pods-myCurrentLocationOnGoogleMapTests.debug.xcconfig"; path = "Pods/Target Support Files/Pods-myCurrentLocationOnGoogleMapTests/Pods-myCurrentLocationOnGoogleMapTests.debug.xcconfig"; sourceTree = "<group>"; };
		F673E5C7FABCB7E956ABFBA1 /* Pods_myCurrentLocationOnGoogleMap.framework */ = {isa = PBXFileReference; explicitFileType = wrapper.framework; includeInIndex = 0; path = Pods_myCurrentLocationOnGoogleMap.framework; sourceTree = BUILT_PRODUCTS_DIR; };
		FF92749F2812D9378041543B /* Pods-myCurrentLocationOnGoogleMapUITests.debug.xcconfig */ = {isa = PBXFileReference; includeInIndex = 1; lastKnownFileType = text.xcconfig; name = "Pods-myCurrentLocationOnGoogleMapUITests.debug.xcconfig"; path = "Pods/Target Support Files/Pods-myCurrentLocationOnGoogleMapUITests/Pods-myCurrentLocationOnGoogleMapUITests.debug.xcconfig"; sourceTree = "<group>"; };
/* End PBXFileReference section */

/* Begin PBXFrameworksBuildPhase section */
		84C59F1E1E66540C0063031E /* Frameworks */ = {
			isa = PBXFrameworksBuildPhase;
			buildActionMask = 2147483647;
			files = (
				E00437D2B10A4BC7B2F2BDAA /* Pods_myCurrentLocationOnGoogleMap.framework in Frameworks */,
			);
			runOnlyForDeploymentPostprocessing = 0;
		};
		84C59F351E66540C0063031E /* Frameworks */ = {
			isa = PBXFrameworksBuildPhase;
			buildActionMask = 2147483647;
			files = (
				5100814EBB959640E2C90839 /* Pods_myCurrentLocationOnGoogleMapTests.framework in Frameworks */,
			);
			runOnlyForDeploymentPostprocessing = 0;
		};
		84C59F401E66540C0063031E /* Frameworks */ = {
			isa = PBXFrameworksBuildPhase;
			buildActionMask = 2147483647;
			files = (
				35E4503327831E601B0063C5 /* Pods_myCurrentLocationOnGoogleMapUITests.framework in Frameworks */,
			);
			runOnlyForDeploymentPostprocessing = 0;
		};
/* End PBXFrameworksBuildPhase section */

/* Begin PBXGroup section */
		603A71C7E8DB943D87C293CC /* Frameworks */ = {
			isa = PBXGroup;
			children = (
				F673E5C7FABCB7E956ABFBA1 /* Pods_myCurrentLocationOnGoogleMap.framework */,
				7FE6C967E232F5B33F31FFC8 /* Pods_myCurrentLocationOnGoogleMapTests.framework */,
				48B0D7EF7802C5DB0DA92512 /* Pods_myCurrentLocationOnGoogleMapUITests.framework */,
			);
			name = Frameworks;
			sourceTree = "<group>";
		};
		84C59F181E66540C0063031E = {
			isa = PBXGroup;
			children = (
				84C59F231E66540C0063031E /* myCurrentLocationOnGoogleMap */,
				84C59F3B1E66540C0063031E /* myCurrentLocationOnGoogleMapTests */,
				84C59F461E66540C0063031E /* myCurrentLocationOnGoogleMapUITests */,
				84C59F221E66540C0063031E /* Products */,
				F337C40555EECCE23F0EE097 /* Pods */,
				603A71C7E8DB943D87C293CC /* Frameworks */,
			);
			sourceTree = "<group>";
		};
		84C59F221E66540C0063031E /* Products */ = {
			isa = PBXGroup;
			children = (
				84C59F211E66540C0063031E /* myCurrentLocationOnGoogleMap.app */,
				84C59F381E66540C0063031E /* myCurrentLocationOnGoogleMapTests.xctest */,
				84C59F431E66540C0063031E /* myCurrentLocationOnGoogleMapUITests.xctest */,
			);
			name = Products;
			sourceTree = "<group>";
		};
		84C59F231E66540C0063031E /* myCurrentLocationOnGoogleMap */ = {
			isa = PBXGroup;
			children = (
				84C59F241E66540C0063031E /* AppDelegate.swift */,
				84C59F261E66540C0063031E /* ViewController.swift */,
				84C59F281E66540C0063031E /* Main.storyboard */,
				84C59F2E1E66540C0063031E /* Assets.xcassets */,
				84C59F301E66540C0063031E /* LaunchScreen.storyboard */,
				84C59F331E66540C0063031E /* Info.plist */,
				84C59F2B1E66540C0063031E /* myCurrentLocationOnGoogleMap.xcdatamodeld */,
			);
			path = myCurrentLocationOnGoogleMap;
			sourceTree = "<group>";
		};
		84C59F3B1E66540C0063031E /* myCurrentLocationOnGoogleMapTests */ = {
			isa = PBXGroup;
			children = (
				84C59F3C1E66540C0063031E /* myCurrentLocationOnGoogleMapTests.swift */,
				84C59F3E1E66540C0063031E /* Info.plist */,
			);
			path = myCurrentLocationOnGoogleMapTests;
			sourceTree = "<group>";
		};
		84C59F461E66540C0063031E /* myCurrentLocationOnGoogleMapUITests */ = {
			isa = PBXGroup;
			children = (
				84C59F471E66540C0063031E /* myCurrentLocationOnGoogleMapUITests.swift */,
				84C59F491E66540D0063031E /* Info.plist */,
			);
			path = myCurrentLocationOnGoogleMapUITests;
			sourceTree = "<group>";
		};
		F337C40555EECCE23F0EE097 /* Pods */ = {
			isa = PBXGroup;
			children = (
				388E976163B1CDF329E52280 /* Pods-myCurrentLocationOnGoogleMap.debug.xcconfig */,
				195CCC1E4EB4242F37096E41 /* Pods-myCurrentLocationOnGoogleMap.release.xcconfig */,
				D645D29CB077454A956D5BCA /* Pods-myCurrentLocationOnGoogleMapTests.debug.xcconfig */,
				634CFEC09D22C8009770A0D5 /* Pods-myCurrentLocationOnGoogleMapTests.release.xcconfig */,
				FF92749F2812D9378041543B /* Pods-myCurrentLocationOnGoogleMapUITests.debug.xcconfig */,
				A9D16D3FE1A328870513B83F /* Pods-myCurrentLocationOnGoogleMapUITests.release.xcconfig */,
			);
			name = Pods;
			sourceTree = "<group>";
		};
/* End PBXGroup section */

/* Begin PBXNativeTarget section */
		84C59F201E66540C0063031E /* myCurrentLocationOnGoogleMap */ = {
			isa = PBXNativeTarget;
			buildConfigurationList = 84C59F4C1E66540D0063031E /* Build configuration list for PBXNativeTarget "myCurrentLocationOnGoogleMap" */;
			buildPhases = (
				C47D36C6F1542B1A5C2A4331 /* [CP] Check Pods Manifest.lock */,
				84C59F1D1E66540C0063031E /* Sources */,
				84C59F1E1E66540C0063031E /* Frameworks */,
				84C59F1F1E66540C0063031E /* Resources */,
				E56E004D7B38EA57BA7EB14A /* [CP] Embed Pods Frameworks */,
				4E361C8883871C8F1A4BA38D /* [CP] Copy Pods Resources */,
			);
			buildRules = (
			);
			dependencies = (
			);
			name = myCurrentLocationOnGoogleMap;
			productName = myCurrentLocationOnGoogleMap;
			productReference = 84C59F211E66540C0063031E /* myCurrentLocationOnGoogleMap.app */;
			productType = "com.apple.product-type.application";
		};
		84C59F371E66540C0063031E /* myCurrentLocationOnGoogleMapTests */ = {
			isa = PBXNativeTarget;
			buildConfigurationList = 84C59F4F1E66540D0063031E /* Build configuration list for PBXNativeTarget "myCurrentLocationOnGoogleMapTests" */;
			buildPhases = (
				0C6DD3BB5BA2930CC450BC21 /* [CP] Check Pods Manifest.lock */,
				84C59F341E66540C0063031E /* Sources */,
				84C59F351E66540C0063031E /* Frameworks */,
				84C59F361E66540C0063031E /* Resources */,
				701B8D47E815051157F5D2A7 /* [CP] Embed Pods Frameworks */,
				F2B9F6DEDFB9EF052C0615C8 /* [CP] Copy Pods Resources */,
			);
			buildRules = (
			);
			dependencies = (
				84C59F3A1E66540C0063031E /* PBXTargetDependency */,
			);
			name = myCurrentLocationOnGoogleMapTests;
			productName = myCurrentLocationOnGoogleMapTests;
			productReference = 84C59F381E66540C0063031E /* myCurrentLocationOnGoogleMapTests.xctest */;
			productType = "com.apple.product-type.bundle.unit-test";
		};
		84C59F421E66540C0063031E /* myCurrentLocationOnGoogleMapUITests */ = {
			isa = PBXNativeTarget;
			buildConfigurationList = 84C59F521E66540D0063031E /* Build configuration list for PBXNativeTarget "myCurrentLocationOnGoogleMapUITests" */;
			buildPhases = (
				4670C98597FE173528CABD3D /* [CP] Check Pods Manifest.lock */,
				84C59F3F1E66540C0063031E /* Sources */,
				84C59F401E66540C0063031E /* Frameworks */,
				84C59F411E66540C0063031E /* Resources */,
				6B7DBE3D5F1BBB8471E46DC2 /* [CP] Embed Pods Frameworks */,
				9C00D6096270FC29307068D6 /* [CP] Copy Pods Resources */,
			);
			buildRules = (
			);
			dependencies = (
				84C59F451E66540C0063031E /* PBXTargetDependency */,
			);
			name = myCurrentLocationOnGoogleMapUITests;
			productName = myCurrentLocationOnGoogleMapUITests;
			productReference = 84C59F431E66540C0063031E /* myCurrentLocationOnGoogleMapUITests.xctest */;
			productType = "com.apple.product-type.bundle.ui-testing";
		};
/* End PBXNativeTarget section */

/* Begin PBXProject section */
		84C59F191E66540C0063031E /* Project object */ = {
			isa = PBXProject;
			attributes = {
				LastSwiftUpdateCheck = 0820;
				LastUpgradeCheck = 0820;
				ORGANIZATIONNAME = "Nina Ko";
				TargetAttributes = {
					84C59F201E66540C0063031E = {
						CreatedOnToolsVersion = 8.2.1;
						DevelopmentTeam = H74BS78QFN;
						ProvisioningStyle = Automatic;
					};
					84C59F371E66540C0063031E = {
						CreatedOnToolsVersion = 8.2.1;
						DevelopmentTeam = H74BS78QFN;
						ProvisioningStyle = Automatic;
						TestTargetID = 84C59F201E66540C0063031E;
					};
					84C59F421E66540C0063031E = {
						CreatedOnToolsVersion = 8.2.1;
						DevelopmentTeam = H74BS78QFN;
						ProvisioningStyle = Automatic;
						TestTargetID = 84C59F201E66540C0063031E;
					};
				};
			};
			buildConfigurationList = 84C59F1C1E66540C0063031E /* Build configuration list for PBXProject "myCurrentLocationOnGoogleMap" */;
			compatibilityVersion = "Xcode 3.2";
			developmentRegion = English;
			hasScannedForEncodings = 0;
			knownRegions = (
				en,
				Base,
			);
			mainGroup = 84C59F181E66540C0063031E;
			productRefGroup = 84C59F221E66540C0063031E /* Products */;
			projectDirPath = "";
			projectRoot = "";
			targets = (
				84C59F201E66540C0063031E /* myCurrentLocationOnGoogleMap */,
				84C59F371E66540C0063031E /* myCurrentLocationOnGoogleMapTests */,
				84C59F421E66540C0063031E /* myCurrentLocationOnGoogleMapUITests */,
			);
		};
/* End PBXProject section */

/* Begin PBXResourcesBuildPhase section */
		84C59F1F1E66540C0063031E /* Resources */ = {
			isa = PBXResourcesBuildPhase;
			buildActionMask = 2147483647;
			files = (
				84C59F321E66540C0063031E /* LaunchScreen.storyboard in Resources */,
				84C59F2F1E66540C0063031E /* Assets.xcassets in Resources */,
				84C59F2A1E66540C0063031E /* Main.storyboard in Resources */,
			);
			runOnlyForDeploymentPostprocessing = 0;
		};
		84C59F361E66540C0063031E /* Resources */ = {
			isa = PBXResourcesBuildPhase;
			buildActionMask = 2147483647;
			files = (
			);
			runOnlyForDeploymentPostprocessing = 0;
		};
		84C59F411E66540C0063031E /* Resources */ = {
			isa = PBXResourcesBuildPhase;
			buildActionMask = 2147483647;
			files = (
			);
			runOnlyForDeploymentPostprocessing = 0;
		};
/* End PBXResourcesBuildPhase section */

/* Begin PBXShellScriptBuildPhase section */
		0C6DD3BB5BA2930CC450BC21 /* [CP] Check Pods Manifest.lock */ = {
			isa = PBXShellScriptBuildPhase;
			buildActionMask = 2147483647;
			files = (
			);
			inputPaths = (
			);
			name = "[CP] Check Pods Manifest.lock";
			outputPaths = (
			);
			runOnlyForDeploymentPostprocessing = 0;
			shellPath = /bin/sh;
			shellScript = "diff \"${PODS_ROOT}/../Podfile.lock\" \"${PODS_ROOT}/Manifest.lock\" > /dev/null\nif [ $? != 0 ] ; then\n    # print error to STDERR\n    echo \"error: The sandbox is not in sync with the Podfile.lock. Run 'pod install' or update your CocoaPods installation.\" >&2\n    exit 1\nfi\n";
			showEnvVarsInLog = 0;
		};
		4670C98597FE173528CABD3D /* [CP] Check Pods Manifest.lock */ = {
			isa = PBXShellScriptBuildPhase;
			buildActionMask = 2147483647;
			files = (
			);
			inputPaths = (
			);
			name = "[CP] Check Pods Manifest.lock";
			outputPaths = (
			);
			runOnlyForDeploymentPostprocessing = 0;
			shellPath = /bin/sh;
			shellScript = "diff \"${PODS_ROOT}/../Podfile.lock\" \"${PODS_ROOT}/Manifest.lock\" > /dev/null\nif [ $? != 0 ] ; then\n    # print error to STDERR\n    echo \"error: The sandbox is not in sync with the Podfile.lock. Run 'pod install' or update your CocoaPods installation.\" >&2\n    exit 1\nfi\n";
			showEnvVarsInLog = 0;
		};
		4E361C8883871C8F1A4BA38D /* [CP] Copy Pods Resources */ = {
			isa = PBXShellScriptBuildPhase;
			buildActionMask = 2147483647;
			files = (
			);
			inputPaths = (
			);
			name = "[CP] Copy Pods Resources";
			outputPaths = (
			);
			runOnlyForDeploymentPostprocessing = 0;
			shellPath = /bin/sh;
			shellScript = "\"${SRCROOT}/Pods/Target Support Files/Pods-myCurrentLocationOnGoogleMap/Pods-myCurrentLocationOnGoogleMap-resources.sh\"\n";
			showEnvVarsInLog = 0;
		};
		6B7DBE3D5F1BBB8471E46DC2 /* [CP] Embed Pods Frameworks */ = {
			isa = PBXShellScriptBuildPhase;
			buildActionMask = 2147483647;
			files = (
			);
			inputPaths = (
			);
			name = "[CP] Embed Pods Frameworks";
			outputPaths = (
			);
			runOnlyForDeploymentPostprocessing = 0;
			shellPath = /bin/sh;
			shellScript = "\"${SRCROOT}/Pods/Target Support Files/Pods-myCurrentLocationOnGoogleMapUITests/Pods-myCurrentLocationOnGoogleMapUITests-frameworks.sh\"\n";
			showEnvVarsInLog = 0;
		};
		701B8D47E815051157F5D2A7 /* [CP] Embed Pods Frameworks */ = {
			isa = PBXShellScriptBuildPhase;
			buildActionMask = 2147483647;
			files = (
			);
			inputPaths = (
			);
			name = "[CP] Embed Pods Frameworks";
			outputPaths = (
			);
			runOnlyForDeploymentPostprocessing = 0;
			shellPath = /bin/sh;
			shellScript = "\"${SRCROOT}/Pods/Target Support Files/Pods-myCurrentLocationOnGoogleMapTests/Pods-myCurrentLocationOnGoogleMapTests-frameworks.sh\"\n";
			showEnvVarsInLog = 0;
		};
		9C00D6096270FC29307068D6 /* [CP] Copy Pods Resources */ = {
			isa = PBXShellScriptBuildPhase;
			buildActionMask = 2147483647;
			files = (
			);
			inputPaths = (
			);
			name = "[CP] Copy Pods Resources";
			outputPaths = (
			);
			runOnlyForDeploymentPostprocessing = 0;
			shellPath = /bin/sh;
			shellScript = "\"${SRCROOT}/Pods/Target Support Files/Pods-myCurrentLocationOnGoogleMapUITests/Pods-myCurrentLocationOnGoogleMapUITests-resources.sh\"\n";
			showEnvVarsInLog = 0;
		};
		C47D36C6F1542B1A5C2A4331 /* [CP] Check Pods Manifest.lock */ = {
			isa = PBXShellScriptBuildPhase;
			buildActionMask = 2147483647;
			files = (
			);
			inputPaths = (
			);
			name = "[CP] Check Pods Manifest.lock";
			outputPaths = (
			);
			runOnlyForDeploymentPostprocessing = 0;
			shellPath = /bin/sh;
			shellScript = "diff \"${PODS_ROOT}/../Podfile.lock\" \"${PODS_ROOT}/Manifest.lock\" > /dev/null\nif [ $? != 0 ] ; then\n    # print error to STDERR\n    echo \"error: The sandbox is not in sync with the Podfile.lock. Run 'pod install' or update your CocoaPods installation.\" >&2\n    exit 1\nfi\n";
			showEnvVarsInLog = 0;
		};
		E56E004D7B38EA57BA7EB14A /* [CP] Embed Pods Frameworks */ = {
			isa = PBXShellScriptBuildPhase;
			buildActionMask = 2147483647;
			files = (
			);
			inputPaths = (
			);
			name = "[CP] Embed Pods Frameworks";
			outputPaths = (
			);
			runOnlyForDeploymentPostprocessing = 0;
			shellPath = /bin/sh;
			shellScript = "\"${SRCROOT}/Pods/Target Support Files/Pods-myCurrentLocationOnGoogleMap/Pods-myCurrentLocationOnGoogleMap-frameworks.sh\"\n";
			showEnvVarsInLog = 0;
		};
		F2B9F6DEDFB9EF052C0615C8 /* [CP] Copy Pods Resources */ = {
			isa = PBXShellScriptBuildPhase;
			buildActionMask = 2147483647;
			files = (
			);
			inputPaths = (
			);
			name = "[CP] Copy Pods Resources";
			outputPaths = (
			);
			runOnlyForDeploymentPostprocessing = 0;
			shellPath = /bin/sh;
			shellScript = "\"${SRCROOT}/Pods/Target Support Files/Pods-myCurrentLocationOnGoogleMapTests/Pods-myCurrentLocationOnGoogleMapTests-resources.sh\"\n";
			showEnvVarsInLog = 0;
		};
/* End PBXShellScriptBuildPhase section */

/* Begin PBXSourcesBuildPhase section */
		84C59F1D1E66540C0063031E /* Sources */ = {
			isa = PBXSourcesBuildPhase;
			buildActionMask = 2147483647;
			files = (
				84C59F271E66540C0063031E /* ViewController.swift in Sources */,
				84C59F2D1E66540C0063031E /* myCurrentLocationOnGoogleMap.xcdatamodeld in Sources */,
				84C59F251E66540C0063031E /* AppDelegate.swift in Sources */,
			);
			runOnlyForDeploymentPostprocessing = 0;
		};
		84C59F341E66540C0063031E /* Sources */ = {
			isa = PBXSourcesBuildPhase;
			buildActionMask = 2147483647;
			files = (
				84C59F3D1E66540C0063031E /* myCurrentLocationOnGoogleMapTests.swift in Sources */,
			);
			runOnlyForDeploymentPostprocessing = 0;
		};
		84C59F3F1E66540C0063031E /* Sources */ = {
			isa = PBXSourcesBuildPhase;
			buildActionMask = 2147483647;
			files = (
				84C59F481E66540C0063031E /* myCurrentLocationOnGoogleMapUITests.swift in Sources */,
			);
			runOnlyForDeploymentPostprocessing = 0;
		};
/* End PBXSourcesBuildPhase section */

/* Begin PBXTargetDependency section */
		84C59F3A1E66540C0063031E /* PBXTargetDependency */ = {
			isa = PBXTargetDependency;
			target = 84C59F201E66540C0063031E /* myCurrentLocationOnGoogleMap */;
			targetProxy = 84C59F391E66540C0063031E /* PBXContainerItemProxy */;
		};
		84C59F451E66540C0063031E /* PBXTargetDependency */ = {
			isa = PBXTargetDependency;
			target = 84C59F201E66540C0063031E /* myCurrentLocationOnGoogleMap */;
			targetProxy = 84C59F441E66540C0063031E /* PBXContainerItemProxy */;
		};
/* End PBXTargetDependency section */

/* Begin PBXVariantGroup section */
		84C59F281E66540C0063031E /* Main.storyboard */ = {
			isa = PBXVariantGroup;
			children = (
				84C59F291E66540C0063031E /* Base */,
			);
			name = Main.storyboard;
			sourceTree = "<group>";
		};
		84C59F301E66540C0063031E /* LaunchScreen.storyboard */ = {
			isa = PBXVariantGroup;
			children = (
				84C59F311E66540C0063031E /* Base */,
			);
			name = LaunchScreen.storyboard;
			sourceTree = "<group>";
		};
/* End PBXVariantGroup section */

/* Begin XCBuildConfiguration section */
		84C59F4A1E66540D0063031E /* Debug */ = {
			isa = XCBuildConfiguration;
			buildSettings = {
				ALWAYS_SEARCH_USER_PATHS = NO;
				CLANG_ANALYZER_NONNULL = YES;
				CLANG_CXX_LANGUAGE_STANDARD = "gnu++0x";
				CLANG_CXX_LIBRARY = "libc++";
				CLANG_ENABLE_MODULES = YES;
				CLANG_ENABLE_OBJC_ARC = YES;
				CLANG_WARN_BOOL_CONVERSION = YES;
				CLANG_WARN_CONSTANT_CONVERSION = YES;
				CLANG_WARN_DIRECT_OBJC_ISA_USAGE = YES_ERROR;
				CLANG_WARN_DOCUMENTATION_COMMENTS = YES;
				CLANG_WARN_EMPTY_BODY = YES;
				CLANG_WARN_ENUM_CONVERSION = YES;
				CLANG_WARN_INFINITE_RECURSION = YES;
				CLANG_WARN_INT_CONVERSION = YES;
				CLANG_WARN_OBJC_ROOT_CLASS = YES_ERROR;
				CLANG_WARN_SUSPICIOUS_MOVE = YES;
				CLANG_WARN_UNREACHABLE_CODE = YES;
				CLANG_WARN__DUPLICATE_METHOD_MATCH = YES;
				"CODE_SIGN_IDENTITY[sdk=iphoneos*]" = "iPhone Developer";
				COPY_PHASE_STRIP = NO;
				DEBUG_INFORMATION_FORMAT = dwarf;
				ENABLE_STRICT_OBJC_MSGSEND = YES;
				ENABLE_TESTABILITY = YES;
				GCC_C_LANGUAGE_STANDARD = gnu99;
				GCC_DYNAMIC_NO_PIC = NO;
				GCC_NO_COMMON_BLOCKS = YES;
				GCC_OPTIMIZATION_LEVEL = 0;
				GCC_PREPROCESSOR_DEFINITIONS = (
					"DEBUG=1",
					"$(inherited)",
				);
				GCC_WARN_64_TO_32_BIT_CONVERSION = YES;
				GCC_WARN_ABOUT_RETURN_TYPE = YES_ERROR;
				GCC_WARN_UNDECLARED_SELECTOR = YES;
				GCC_WARN_UNINITIALIZED_AUTOS = YES_AGGRESSIVE;
				GCC_WARN_UNUSED_FUNCTION = YES;
				GCC_WARN_UNUSED_VARIABLE = YES;
				IPHONEOS_DEPLOYMENT_TARGET = 10.2;
				MTL_ENABLE_DEBUG_INFO = YES;
				ONLY_ACTIVE_ARCH = YES;
				SDKROOT = iphoneos;
				SWIFT_ACTIVE_COMPILATION_CONDITIONS = DEBUG;
				SWIFT_OPTIMIZATION_LEVEL = "-Onone";
			};
			name = Debug;
		};
		84C59F4B1E66540D0063031E /* Release */ = {
			isa = XCBuildConfiguration;
			buildSettings = {
				ALWAYS_SEARCH_USER_PATHS = NO;
				CLANG_ANALYZER_NONNULL = YES;
				CLANG_CXX_LANGUAGE_STANDARD = "gnu++0x";
				CLANG_CXX_LIBRARY = "libc++";
				CLANG_ENABLE_MODULES = YES;
				CLANG_ENABLE_OBJC_ARC = YES;
				CLANG_WARN_BOOL_CONVERSION = YES;
				CLANG_WARN_CONSTANT_CONVERSION = YES;
				CLANG_WARN_DIRECT_OBJC_ISA_USAGE = YES_ERROR;
				CLANG_WARN_DOCUMENTATION_COMMENTS = YES;
				CLANG_WARN_EMPTY_BODY = YES;
				CLANG_WARN_ENUM_CONVERSION = YES;
				CLANG_WARN_INFINITE_RECURSION = YES;
				CLANG_WARN_INT_CONVERSION = YES;
				CLANG_WARN_OBJC_ROOT_CLASS = YES_ERROR;
				CLANG_WARN_SUSPICIOUS_MOVE = YES;
				CLANG_WARN_UNREACHABLE_CODE = YES;
				CLANG_WARN__DUPLICATE_METHOD_MATCH = YES;
				"CODE_SIGN_IDENTITY[sdk=iphoneos*]" = "iPhone Developer";
				COPY_PHASE_STRIP = NO;
				DEBUG_INFORMATION_FORMAT = "dwarf-with-dsym";
				ENABLE_NS_ASSERTIONS = NO;
				ENABLE_STRICT_OBJC_MSGSEND = YES;
				GCC_C_LANGUAGE_STANDARD = gnu99;
				GCC_NO_COMMON_BLOCKS = YES;
				GCC_WARN_64_TO_32_BIT_CONVERSION = YES;
				GCC_WARN_ABOUT_RETURN_TYPE = YES_ERROR;
				GCC_WARN_UNDECLARED_SELECTOR = YES;
				GCC_WARN_UNINITIALIZED_AUTOS = YES_AGGRESSIVE;
				GCC_WARN_UNUSED_FUNCTION = YES;
				GCC_WARN_UNUSED_VARIABLE = YES;
				IPHONEOS_DEPLOYMENT_TARGET = 10.2;
				MTL_ENABLE_DEBUG_INFO = NO;
				SDKROOT = iphoneos;
				SWIFT_OPTIMIZATION_LEVEL = "-Owholemodule";
				VALIDATE_PRODUCT = YES;
			};
			name = Release;
		};
		84C59F4D1E66540D0063031E /* Debug */ = {
			isa = XCBuildConfiguration;
			baseConfigurationReference = 388E976163B1CDF329E52280 /* Pods-myCurrentLocationOnGoogleMap.debug.xcconfig */;
			buildSettings = {
				ASSETCATALOG_COMPILER_APPICON_NAME = AppIcon;
				DEVELOPMENT_TEAM = H74BS78QFN;
				INFOPLIST_FILE = myCurrentLocationOnGoogleMap/Info.plist;
				LD_RUNPATH_SEARCH_PATHS = "$(inherited) @executable_path/Frameworks";
				PRODUCT_BUNDLE_IDENTIFIER = iNeen.self.myCurrentLocationOnGoogleMap;
				PRODUCT_NAME = "$(TARGET_NAME)";
				SWIFT_VERSION = 3.0;
			};
			name = Debug;
		};
		84C59F4E1E66540D0063031E /* Release */ = {
			isa = XCBuildConfiguration;
			baseConfigurationReference = 195CCC1E4EB4242F37096E41 /* Pods-myCurrentLocationOnGoogleMap.release.xcconfig */;
			buildSettings = {
				ASSETCATALOG_COMPILER_APPICON_NAME = AppIcon;
				DEVELOPMENT_TEAM = H74BS78QFN;
				INFOPLIST_FILE = myCurrentLocationOnGoogleMap/Info.plist;
				LD_RUNPATH_SEARCH_PATHS = "$(inherited) @executable_path/Frameworks";
				PRODUCT_BUNDLE_IDENTIFIER = iNeen.self.myCurrentLocationOnGoogleMap;
				PRODUCT_NAME = "$(TARGET_NAME)";
				SWIFT_VERSION = 3.0;
			};
			name = Release;
		};
		84C59F501E66540D0063031E /* Debug */ = {
			isa = XCBuildConfiguration;
			baseConfigurationReference = D645D29CB077454A956D5BCA /* Pods-myCurrentLocationOnGoogleMapTests.debug.xcconfig */;
			buildSettings = {
				ALWAYS_EMBED_SWIFT_STANDARD_LIBRARIES = YES;
				BUNDLE_LOADER = "$(TEST_HOST)";
				DEVELOPMENT_TEAM = H74BS78QFN;
				INFOPLIST_FILE = myCurrentLocationOnGoogleMapTests/Info.plist;
				LD_RUNPATH_SEARCH_PATHS = "$(inherited) @executable_path/Frameworks @loader_path/Frameworks";
				PRODUCT_BUNDLE_IDENTIFIER = iNeen.self.myCurrentLocationOnGoogleMapTests;
				PRODUCT_NAME = "$(TARGET_NAME)";
				SWIFT_VERSION = 3.0;
				TEST_HOST = "$(BUILT_PRODUCTS_DIR)/myCurrentLocationOnGoogleMap.app/myCurrentLocationOnGoogleMap";
			};
			name = Debug;
		};
		84C59F511E66540D0063031E /* Release */ = {
			isa = XCBuildConfiguration;
			baseConfigurationReference = 634CFEC09D22C8009770A0D5 /* Pods-myCurrentLocationOnGoogleMapTests.release.xcconfig */;
			buildSettings = {
				ALWAYS_EMBED_SWIFT_STANDARD_LIBRARIES = YES;
				BUNDLE_LOADER = "$(TEST_HOST)";
				DEVELOPMENT_TEAM = H74BS78QFN;
				INFOPLIST_FILE = myCurrentLocationOnGoogleMapTests/Info.plist;
				LD_RUNPATH_SEARCH_PATHS = "$(inherited) @executable_path/Frameworks @loader_path/Frameworks";
				PRODUCT_BUNDLE_IDENTIFIER = iNeen.self.myCurrentLocationOnGoogleMapTests;
				PRODUCT_NAME = "$(TARGET_NAME)";
				SWIFT_VERSION = 3.0;
				TEST_HOST = "$(BUILT_PRODUCTS_DIR)/myCurrentLocationOnGoogleMap.app/myCurrentLocationOnGoogleMap";
			};
			name = Release;
		};
		84C59F531E66540D0063031E /* Debug */ = {
			isa = XCBuildConfiguration;
			baseConfigurationReference = FF92749F2812D9378041543B /* Pods-myCurrentLocationOnGoogleMapUITests.debug.xcconfig */;
			buildSettings = {
				ALWAYS_EMBED_SWIFT_STANDARD_LIBRARIES = YES;
				DEVELOPMENT_TEAM = H74BS78QFN;
				INFOPLIST_FILE = myCurrentLocationOnGoogleMapUITests/Info.plist;
				LD_RUNPATH_SEARCH_PATHS = "$(inherited) @executable_path/Frameworks @loader_path/Frameworks";
				PRODUCT_BUNDLE_IDENTIFIER = iNeen.self.myCurrentLocationOnGoogleMapUITests;
				PRODUCT_NAME = "$(TARGET_NAME)";
				SWIFT_VERSION = 3.0;
				TEST_TARGET_NAME = myCurrentLocationOnGoogleMap;
			};
			name = Debug;
		};
		84C59F541E66540D0063031E /* Release */ = {
			isa = XCBuildConfiguration;
			baseConfigurationReference = A9D16D3FE1A328870513B83F /* Pods-myCurrentLocationOnGoogleMapUITests.release.xcconfig */;
			buildSettings = {
				ALWAYS_EMBED_SWIFT_STANDARD_LIBRARIES = YES;
				DEVELOPMENT_TEAM = H74BS78QFN;
				INFOPLIST_FILE = myCurrentLocationOnGoogleMapUITests/Info.plist;
				LD_RUNPATH_SEARCH_PATHS = "$(inherited) @executable_path/Frameworks @loader_path/Frameworks";
				PRODUCT_BUNDLE_IDENTIFIER = iNeen.self.myCurrentLocationOnGoogleMapUITests;
				PRODUCT_NAME = "$(TARGET_NAME)";
				SWIFT_VERSION = 3.0;
				TEST_TARGET_NAME = myCurrentLocationOnGoogleMap;
			};
			name = Release;
		};
/* End XCBuildConfiguration section */

/* Begin XCConfigurationList section */
		84C59F1C1E66540C0063031E /* Build configuration list for PBXProject "myCurrentLocationOnGoogleMap" */ = {
			isa = XCConfigurationList;
			buildConfigurations = (
				84C59F4A1E66540D0063031E /* Debug */,
				84C59F4B1E66540D0063031E /* Release */,
			);
			defaultConfigurationIsVisible = 0;
			defaultConfigurationName = Release;
		};
		84C59F4C1E66540D0063031E /* Build configuration list for PBXNativeTarget "myCurrentLocationOnGoogleMap" */ = {
			isa = XCConfigurationList;
			buildConfigurations = (
				84C59F4D1E66540D0063031E /* Debug */,
				84C59F4E1E66540D0063031E /* Release */,
			);
			defaultConfigurationIsVisible = 0;
		};
		84C59F4F1E66540D0063031E /* Build configuration list for PBXNativeTarget "myCurrentLocationOnGoogleMapTests" */ = {
			isa = XCConfigurationList;
			buildConfigurations = (
				84C59F501E66540D0063031E /* Debug */,
				84C59F511E66540D0063031E /* Release */,
			);
			defaultConfigurationIsVisible = 0;
		};
		84C59F521E66540D0063031E /* Build configuration list for PBXNativeTarget "myCurrentLocationOnGoogleMapUITests" */ = {
			isa = XCConfigurationList;
			buildConfigurations = (
				84C59F531E66540D0063031E /* Debug */,
				84C59F541E66540D0063031E /* Release */,
			);
			defaultConfigurationIsVisible = 0;
		};
/* End XCConfigurationList section */

/* Begin XCVersionGroup section */
		84C59F2B1E66540C0063031E /* myCurrentLocationOnGoogleMap.xcdatamodeld */ = {
			isa = XCVersionGroup;
			children = (
				84C59F2C1E66540C0063031E /* myCurrentLocationOnGoogleMap.xcdatamodel */,
			);
			currentVersion = 84C59F2C1E66540C0063031E /* myCurrentLocationOnGoogleMap.xcdatamodel */;
			path = myCurrentLocationOnGoogleMap.xcdatamodeld;
			sourceTree = "<group>";
			versionGroupType = wrapper.xcdatamodel;
		};
/* End XCVersionGroup section */
	};
	rootObject = 84C59F191E66540C0063031E /* Project object */;
}
